
Microsoft Visual Studio Solution File, Format Version 12.00
# Visual Studio Version 17
VisualStudioVersion = 17.1.32228.430
MinimumVisualStudioVersion = 10.0.40219.1
Project("{8BC9CEB8-8B4A-11D0-8D11-00A0C91BC942}") = "Helpful Deubugger 2", "Helpful Deubugger 2\Helpful Deubugger 2.vcxproj", "{1DA05C3D-2C94-4774-A005-9636ABC8FD57}"
EndProject
Project("{FAE04EC0-301F-11D3-BF4B-00C04F79EFBC}") = "GoodLib", "GoodLib\GoodLib.csproj", "{4ABF5A92-832C-459D-AA2D-4157A47DEC1D}"
EndProject
Project("{8BC9CEB8-8B4A-11D0-8D11-00A0C91BC942}") = "GoodLibcpp", "GoodLibcpp\GoodLibcpp.vcxproj", "{7B79C405-0921-4282-8A77-8AE6C5685A95}"
EndProject
Global
	GlobalSection(SolutionConfigurationPlatforms) = preSolution
		Debug|Any CPU = Debug|Any CPU
		Debug|ARM = Debug|ARM
		Debug|ARM64 = Debug|ARM64
		Debug|x64 = Debug|x64
		Debug|x86 = Debug|x86
		Release|Any CPU = Release|Any CPU
		Release|ARM = Release|ARM
		Release|ARM64 = Release|ARM64
		Release|x64 = Release|x64
		Release|x86 = Release|x86
	EndGlobalSection
	GlobalSection(ProjectConfigurationPlatforms) = postSolution
		{1DA05C3D-2C94-4774-A005-9636ABC8FD57}.Debug|Any CPU.ActiveCfg = Debug|x64
		{1DA05C3D-2C94-4774-A005-9636ABC8FD57}.Debug|Any CPU.Build.0 = Debug|x64
		{1DA05C3D-2C94-4774-A005-9636ABC8FD57}.Debug|Any CPU.Deploy.0 = Debug|x64
		{1DA05C3D-2C94-4774-A005-9636ABC8FD57}.Debug|ARM.ActiveCfg = Debug|ARM
		{1DA05C3D-2C94-4774-A005-9636ABC8FD57}.Debug|ARM.Build.0 = Debug|ARM
		{1DA05C3D-2C94-4774-A005-9636ABC8FD57}.Debug|ARM.Deploy.0 = Debug|ARM
		{1DA05C3D-2C94-4774-A005-9636ABC8FD57}.Debug|ARM64.ActiveCfg = Debug|ARM64
		{1DA05C3D-2C94-4774-A005-9636ABC8FD57}.Debug|ARM64.Build.0 = Debug|ARM64
		{1DA05C3D-2C94-4774-A005-9636ABC8FD57}.Debug|ARM64.Deploy.0 = Debug|ARM64
		{1DA05C3D-2C94-4774-A005-9636ABC8FD57}.Debug|x64.ActiveCfg = Debug|x64
		{1DA05C3D-2C94-4774-A005-9636ABC8FD57}.Debug|x64.Build.0 = Debug|x64
		{1DA05C3D-2C94-4774-A005-9636ABC8FD57}.Debug|x64.Deploy.0 = Debug|x64
		{1DA05C3D-2C94-4774-A005-9636ABC8FD57}.Debug|x86.ActiveCfg = Debug|Win32
		{1DA05C3D-2C94-4774-A005-9636ABC8FD57}.Debug|x86.Build.0 = Debug|Win32
		{1DA05C3D-2C94-4774-A005-9636ABC8FD57}.Debug|x86.Deploy.0 = Debug|Win32
		{1DA05C3D-2C94-4774-A005-9636ABC8FD57}.Release|Any CPU.ActiveCfg = Release|x64
		{1DA05C3D-2C94-4774-A005-9636ABC8FD57}.Release|Any CPU.Build.0 = Release|x64
		{1DA05C3D-2C94-4774-A005-9636ABC8FD57}.Release|Any CPU.Deploy.0 = Release|x64
		{1DA05C3D-2C94-4774-A005-9636ABC8FD57}.Release|ARM.ActiveCfg = Release|ARM
		{1DA05C3D-2C94-4774-A005-9636ABC8FD57}.Release|ARM.Build.0 = Release|ARM
		{1DA05C3D-2C94-4774-A005-9636ABC8FD57}.Release|ARM.Deploy.0 = Release|ARM
		{1DA05C3D-2C94-4774-A005-9636ABC8FD57}.Release|ARM64.ActiveCfg = Release|ARM64
		{1DA05C3D-2C94-4774-A005-9636ABC8FD57}.Release|ARM64.Build.0 = Release|ARM64
		{1DA05C3D-2C94-4774-A005-9636ABC8FD57}.Release|ARM64.Deploy.0 = Release|ARM64
		{1DA05C3D-2C94-4774-A005-9636ABC8FD57}.Release|x64.ActiveCfg = Release|x64
		{1DA05C3D-2C94-4774-A005-9636ABC8FD57}.Release|x64.Build.0 = Release|x64
		{1DA05C3D-2C94-4774-A005-9636ABC8FD57}.Release|x64.Deploy.0 = Release|x64
		{1DA05C3D-2C94-4774-A005-9636ABC8FD57}.Release|x86.ActiveCfg = Release|Win32
		{1DA05C3D-2C94-4774-A005-9636ABC8FD57}.Release|x86.Build.0 = Release|Win32
		{1DA05C3D-2C94-4774-A005-9636ABC8FD57}.Release|x86.Deploy.0 = Release|Win32
		{4ABF5A92-832C-459D-AA2D-4157A47DEC1D}.Debug|Any CPU.ActiveCfg = Debug|Any CPU
		{4ABF5A92-832C-459D-AA2D-4157A47DEC1D}.Debug|Any CPU.Build.0 = Debug|Any CPU
		{4ABF5A92-832C-459D-AA2D-4157A47DEC1D}.Debug|ARM.ActiveCfg = Debug|ARM
		{4ABF5A92-832C-459D-AA2D-4157A47DEC1D}.Debug|ARM.Build.0 = Debug|ARM
		{4ABF5A92-832C-459D-AA2D-4157A47DEC1D}.Debug|ARM64.ActiveCfg = Debug|ARM64
		{4ABF5A92-832C-459D-AA2D-4157A47DEC1D}.Debug|ARM64.Build.0 = Debug|ARM64
		{4ABF5A92-832C-459D-AA2D-4157A47DEC1D}.Debug|x64.ActiveCfg = Debug|x64
		{4ABF5A92-832C-459D-AA2D-4157A47DEC1D}.Debug|x64.Build.0 = Debug|x64
		{4ABF5A92-832C-459D-AA2D-4157A47DEC1D}.Debug|x86.ActiveCfg = Debug|x86
		{4ABF5A92-832C-459D-AA2D-4157A47DEC1D}.Debug|x86.Build.0 = Debug|x86
		{4ABF5A92-832C-459D-AA2D-4157A47DEC1D}.Release|Any CPU.ActiveCfg = Release|Any CPU
		{4ABF5A92-832C-459D-AA2D-4157A47DEC1D}.Release|Any CPU.Build.0 = Release|Any CPU
		{4ABF5A92-832C-459D-AA2D-4157A47DEC1D}.Release|ARM.ActiveCfg = Release|ARM
		{4ABF5A92-832C-459D-AA2D-4157A47DEC1D}.Release|ARM.Build.0 = Release|ARM
		{4ABF5A92-832C-459D-AA2D-4157A47DEC1D}.Release|ARM64.ActiveCfg = Release|ARM64
		{4ABF5A92-832C-459D-AA2D-4157A47DEC1D}.Release|ARM64.Build.0 = Release|ARM64
		{4ABF5A92-832C-459D-AA2D-4157A47DEC1D}.Release|x64.ActiveCfg = Release|x64
		{4ABF5A92-832C-459D-AA2D-4157A47DEC1D}.Release|x64.Build.0 = Release|x64
		{4ABF5A92-832C-459D-AA2D-4157A47DEC1D}.Release|x86.ActiveCfg = Release|x86
		{4ABF5A92-832C-459D-AA2D-4157A47DEC1D}.Release|x86.Build.0 = Release|x86
		{7B79C405-0921-4282-8A77-8AE6C5685A95}.Debug|Any CPU.ActiveCfg = Debug|x64
		{7B79C405-0921-4282-8A77-8AE6C5685A95}.Debug|Any CPU.Build.0 = Debug|x64
		{7B79C405-0921-4282-8A77-8AE6C5685A95}.Debug|ARM.ActiveCfg = Debug|ARM
		{7B79C405-0921-4282-8A77-8AE6C5685A95}.Debug|ARM.Build.0 = Debug|ARM
		{7B79C405-0921-4282-8A77-8AE6C5685A95}.Debug|ARM64.ActiveCfg = Debug|ARM64
		{7B79C405-0921-4282-8A77-8AE6C5685A95}.Debug|ARM64.Build.0 = Debug|ARM64
		{7B79C405-0921-4282-8A77-8AE6C5685A95}.Debug|x64.ActiveCfg = Debug|x64
		{7B79C405-0921-4282-8A77-8AE6C5685A95}.Debug|x64.Build.0 = Debug|x64
		{7B79C405-0921-4282-8A77-8AE6C5685A95}.Debug|x86.ActiveCfg = Debug|Win32
		{7B79C405-0921-4282-8A77-8AE6C5685A95}.Debug|x86.Build.0 = Debug|Win32
		{7B79C405-0921-4282-8A77-8AE6C5685A95}.Release|Any CPU.ActiveCfg = Release|x64
		{7B79C405-0921-4282-8A77-8AE6C5685A95}.Release|Any CPU.Build.0 = Release|x64
		{7B79C405-0921-4282-8A77-8AE6C5685A95}.Release|ARM.ActiveCfg = Release|ARM
		{7B79C405-0921-4282-8A77-8AE6C5685A95}.Release|ARM.Build.0 = Release|ARM
		{7B79C405-0921-4282-8A77-8AE6C5685A95}.Release|ARM64.ActiveCfg = Release|ARM64
		{7B79C405-0921-4282-8A77-8AE6C5685A95}.Release|ARM64.Build.0 = Release|ARM64
		{7B79C405-0921-4282-8A77-8AE6C5685A95}.Release|x64.ActiveCfg = Release|x64
		{7B79C405-0921-4282-8A77-8AE6C5685A95}.Release|x64.Build.0 = Release|x64
		{7B79C405-0921-4282-8A77-8AE6C5685A95}.Release|x86.ActiveCfg = Release|Win32
		{7B79C405-0921-4282-8A77-8AE6C5685A95}.Release|x86.Build.0 = Release|Win32
	EndGlobalSection
	GlobalSection(SolutionProperties) = preSolution
		HideSolutionNode = FALSE
	EndGlobalSection
	GlobalSection(ExtensibilityGlobals) = postSolution
		SolutionGuid = {1A2AB67D-7C4C-4FFD-AFFA-A9970C876DC8}
	EndGlobalSection
EndGlobal
